
Microsoft Visual Studio Solution File, Format Version 12.00
# Visual Studio Version 17
VisualStudioVersion = 17.2.32519.379
MinimumVisualStudioVersion = 10.0.40219.1
Project("{8BC9CEB8-8B4A-11D0-8D11-00A0C91BC942}") = "ControlStructures", "ControlStructures\ControlStructures.vcxproj", "{CF8124DF-513E-4413-8166-EEFB6B179DE0}"
EndProject
Global
	GlobalSection(SolutionConfigurationPlatforms) = preSolution
		Debug|x64 = Debug|x64
		Debug|x86 = Debug|x86
		Release|x64 = Release|x64
		Release|x86 = Release|x86
	EndGlobalSection
	GlobalSection(ProjectConfigurationPlatforms) = postSolution
		{CF8124DF-513E-4413-8166-EEFB6B179DE0}.Debug|x64.ActiveCfg = Debug|x64
		{CF8124DF-513E-4413-8166-EEFB6B179DE0}.Debug|x64.Build.0 = Debug|x64
		{CF8124DF-513E-4413-8166-EEFB6B179DE0}.Debug|x86.ActiveCfg = Debug|Win32
		{CF8124DF-513E-4413-8166-EEFB6B179DE0}.Debug|x86.Build.0 = Debug|Win32
		{CF8124DF-513E-4413-8166-EEFB6B179DE0}.Release|x64.ActiveCfg = Release|x64
		{CF8124DF-513E-4413-8166-EEFB6B179DE0}.Release|x64.Build.0 = Release|x64
		{CF8124DF-513E-4413-8166-EEFB6B179DE0}.Release|x86.ActiveCfg = Release|Win32
		{CF8124DF-513E-4413-8166-EEFB6B179DE0}.Release|x86.Build.0 = Release|Win32
	EndGlobalSection
	GlobalSection(SolutionProperties) = preSolution
		HideSolutionNode = FALSE
	EndGlobalSection
	GlobalSection(ExtensibilityGlobals) = postSolution
		SolutionGuid = {E2BC8BA8-9853-460E-B98A-9F6C39025C4C}
	EndGlobalSection
EndGlobal
